
Microsoft Visual Studio Solution File, Format Version 12.00
# Visual Studio Version 17
VisualStudioVersion = 17.9.34723.18
MinimumVisualStudioVersion = 10.0.40219.1
Project("{FAE04EC0-301F-11D3-BF4B-00C04F79EFBC}") = "ProgramFiles", "ProgramFiles\ProgramFiles.csproj", "{8B5A7F5E-C19C-490F-A9AB-5184E1035B17}"
EndProject
Global
	GlobalSection(SolutionConfigurationPlatforms) = preSolution
		Debug|Any CPU = Debug|Any CPU
		Release|Any CPU = Release|Any CPU
	EndGlobalSection
	GlobalSection(ProjectConfigurationPlatforms) = postSolution
		{8B5A7F5E-C19C-490F-A9AB-5184E1035B17}.Debug|Any CPU.ActiveCfg = Debug|Any CPU
		{8B5A7F5E-C19C-490F-A9AB-5184E1035B17}.Debug|Any CPU.Build.0 = Debug|Any CPU
		{8B5A7F5E-C19C-490F-A9AB-5184E1035B17}.Release|Any CPU.ActiveCfg = Release|Any CPU
		{8B5A7F5E-C19C-490F-A9AB-5184E1035B17}.Release|Any CPU.Build.0 = Release|Any CPU
	EndGlobalSection
	GlobalSection(SolutionProperties) = preSolution
		HideSolutionNode = FALSE
	EndGlobalSection
	GlobalSection(ExtensibilityGlobals) = postSolution
		SolutionGuid = {1C29E9E5-E58D-45D0-8D3C-1A2645EA342F}
	EndGlobalSection
EndGlobal
